# THIS IS AN AUTOGENERATED FILE. DO NOT EDIT THIS FILE DIRECTLY.
# yarn lockfile v1


"@lukeed/csprng@^1.0.0":
  version "1.1.0"
  resolved "https://registry.yarnpkg.com/@lukeed/csprng/-/csprng-1.1.0.tgz#1e3e4bd05c1cc7a0b2ddbd8a03f39f6e4b5e6cfe"
  integrity sha512-Z7C/xXCiGWsg0KuKsHTKJxbWhpI3Vs5GwLfOean7MGyVFGqdRgBbAjOCh6u4bbjPc/8MJ2pZmK/0DLdCbivLDA==

"@nestjs/axios@^2.0.0":
  version "2.0.0"
  resolved "https://registry.yarnpkg.com/@nestjs/axios/-/axios-2.0.0.tgz#2116fad483e232ef102a877b503a9f19926bd102"
  integrity sha512-F6oceoQLEn031uun8NiommeMkRIojQqVryxQy/mK7fx0CI0KbgkJL3SloCQcsOD+agoEnqKJKXZpEvL6FNswJg==

"@nestjs/common@^9.4.0":
  version "9.4.0"
  resolved "https://registry.yarnpkg.com/@nestjs/common/-/common-9.4.0.tgz#3597e4f3a1278486fc2e015c94e58bcbbb4f72ca"
  integrity sha512-RUcVAQsEF4WPrmzFXEOUfZnPwrLTe1UVlzXTlSyfqfqbdWDPKDGlIPVelBLfc5/+RRUQ0I5iE4+CQvpCmkqldw==
  dependencies:
    uid "2.0.2"
    iterare "1.2.1"
    tslib "2.5.0"

"@nestjs/schedule@^2.2.1":
  version "2.2.1"
  resolved "https://registry.yarnpkg.com/@nestjs/schedule/-/schedule-2.2.1.tgz#404e79133e50e4b70dec3b7c194d6b796485cb13"
  integrity sha512-7jev9Q3aFnRajKAi/At+9rzwflZNN10SA5PcdCvxc35GFfTdM2a6O5GA7tiIbLuOOzdjPYPbC3RxP4tpXOHVWw==
  dependencies:
    cron "2.3.0"
    uuid "9.0.0"

cron@2.3.0:
  version "2.3.0"
  resolved "https://registry.yarnpkg.com/cron/-/cron-2.3.0.tgz#20df6da18d4f7d2f8937def2eb5fc0d1a320c526"
  integrity sha512-ZN5HP8zDY41sJolMsbc+GksRATcbvkPKF5wR/qc8FrV4NBVi9ORQa1HmYa5GydaysUB80X9XpRlRkooa5uEtTA==
  dependencies:
    luxon "^3.2.1"

iterare@1.2.1:
  version "1.2.1"
  resolved "https://registry.yarnpkg.com/iterare/-/iterare-1.2.1.tgz#139c400ff7363690e33abffa33cbba8920f00042"
  integrity sha512-RKYVTCjAnRthyJes037NX/IiqeidgN1xc3j1RjFfECFp28A1GVwK9nA+i0rJPaHqSZwygLzRnFlzUuHFoWWy+Q==

luxon@^3.2.1:
  version "3.3.0"
  resolved "https://registry.yarnpkg.com/luxon/-/luxon-3.3.0.tgz#d73ab5b5d2b49a461c47cedbc7e73309b4805b48"
  integrity sha512-An0UCfG/rSiqtAIiBPO0Y9/zAnHUZxAMiCpTd5h2smgsj7GGmcenvrvww2cqNA8/4A5ZrD1gJpHN2mIHZQF+Mg==

tslib@2.5.0:
  version "2.5.0"
  resolved "https://registry.yarnpkg.com/tslib/-/tslib-2.5.0.tgz#42bfed86f5787aeb41d031866c8f402429e0fddf"
  integrity sha512-336iVw3rtn2BUK7ORdIAHTyxHGRIHVReokCR3XjbckJMK7ms8FysBfhLR8IXnAgy7T0PTPNBWKiH514FOW/WSg==

uid@2.0.2:
  version "2.0.2"
  resolved "https://registry.yarnpkg.com/uid/-/uid-2.0.2.tgz#4b5782abf0f2feeefc00fa88006b2b3b7af3e3b9"
  integrity sha512-u3xV3X7uzvi5b1MncmZo3i2Aw222Zk1keqLA1YkHldREkAhAqi65wuPfe7lHx8H/Wzy+8CE7S7uS3jekIM5s8g==
  dependencies:
    "@lukeed/csprng" "^1.0.0"

uuid@9.0.0:
  version "9.0.0"
  resolved "https://registry.yarnpkg.com/uuid/-/uuid-9.0.0.tgz#592f550650024a38ceb0c562f2f6aa435761efb5"
  integrity sha512-MXcSTerfPa4uqyzStbRoTgt5XIe3x5+42+q1sDuy3R5MDk66URdLMOZe5aPX/SQd+kuYAh0FdP/pO28IkQyTeg==
